
Microsoft Visual Studio Solution File, Format Version 12.00
# Visual Studio Version 17
VisualStudioVersion = 17.8.34511.84
MinimumVisualStudioVersion = 10.0.40219.1
Project("{9A19103F-16F7-4668-BE54-9A1E7A4F7556}") = "Vapolia.SegmentedViews", "Vapolia.SegmentedViews\Vapolia.SegmentedViews.csproj", "{64CA4E01-223F-4DB7-B244-77563DF7CA34}"
EndProject
Project("{9A19103F-16F7-4668-BE54-9A1E7A4F7556}") = "SampleApp", "SampleApp\SampleApp.csproj", "{8980EE83-C5DF-4D73-AE28-2752BB54F259}"
EndProject
Project("{2150E333-8FDC-42A3-9474-1A3956D46DE8}") = "Publish", "Publish", "{2D8D9461-9B7F-4CE1-A744-9640C6B06053}"
	ProjectSection(SolutionItems) = preProject
		.github\workflows\main.yaml = .github\workflows\main.yaml
	EndProjectSection
EndProject
Global
	GlobalSection(SolutionConfigurationPlatforms) = preSolution
		Debug|Any CPU = Debug|Any CPU
		Release|Any CPU = Release|Any CPU
	EndGlobalSection
	GlobalSection(ProjectConfigurationPlatforms) = postSolution
		{64CA4E01-223F-4DB7-B244-77563DF7CA34}.Debug|Any CPU.ActiveCfg = Debug|Any CPU
		{64CA4E01-223F-4DB7-B244-77563DF7CA34}.Debug|Any CPU.Build.0 = Debug|Any CPU
		{64CA4E01-223F-4DB7-B244-77563DF7CA34}.Release|Any CPU.ActiveCfg = Release|Any CPU
		{64CA4E01-223F-4DB7-B244-77563DF7CA34}.Release|Any CPU.Build.0 = Release|Any CPU
		{8980EE83-C5DF-4D73-AE28-2752BB54F259}.Debug|Any CPU.ActiveCfg = Debug|Any CPU
		{8980EE83-C5DF-4D73-AE28-2752BB54F259}.Debug|Any CPU.Build.0 = Debug|Any CPU
		{8980EE83-C5DF-4D73-AE28-2752BB54F259}.Debug|Any CPU.Deploy.0 = Debug|Any CPU
		{8980EE83-C5DF-4D73-AE28-2752BB54F259}.Release|Any CPU.ActiveCfg = Release|Any CPU
		{8980EE83-C5DF-4D73-AE28-2752BB54F259}.Release|Any CPU.Build.0 = Release|Any CPU
	EndGlobalSection
	GlobalSection(SolutionProperties) = preSolution
		HideSolutionNode = FALSE
	EndGlobalSection
	GlobalSection(ExtensibilityGlobals) = postSolution
		SolutionGuid = {EE100EBC-3C29-4555-B5A5-B925FFA078CE}
	EndGlobalSection
EndGlobal
